Microsoft Visual Studio Solution File, Format Version 12.00
# Visual Studio Version 17
VisualStudioVersion = 17.5.2.0
MinimumVisualStudioVersion = 10.0.40219.1
Project("{2150E333-8FDC-42A3-9474-1A3956D46DE8}") = "src", "src", "{827E0CD3-B72D-47B6-A68D-7590B98EB39B}"
EndProject
Project("{2150E333-8FDC-42A3-9474-1A3956D46DE8}") = "tests", "tests", "{0AB3BF05-4346-4AA6-1389-037BE0695223}"
EndProject
Project("{FAE04EC0-301F-11D3-BF4B-00C04F79EFBC}") = "CosmosDB.InMemoryEmulator", "src\CosmosDB.InMemoryEmulator\CosmosDB.InMemoryEmulator.csproj", "{39098EDB-EE4C-0390-DF8A-C3AC58206286}"
EndProject
Project("{FAE04EC0-301F-11D3-BF4B-00C04F79EFBC}") = "CosmosDB.InMemoryEmulator.ProductionExtensions", "src\CosmosDB.InMemoryEmulator.ProductionExtensions\CosmosDB.InMemoryEmulator.ProductionExtensions.csproj", "{A1B2C3D4-E5F6-7890-ABCD-EF1234567890}"
EndProject
Project("{FAE04EC0-301F-11D3-BF4B-00C04F79EFBC}") = "CosmosDB.InMemoryEmulator.Tests", "tests\CosmosDB.InMemoryEmulator.Tests\CosmosDB.InMemoryEmulator.Tests.csproj", "{63F85A41-5264-6904-80EA-F3447B5E43D8}"
EndProject
Project("{FAE04EC0-301F-11D3-BF4B-00C04F79EFBC}") = "CosmosDB.InMemoryEmulator.Tests.Performance", "tests\CosmosDB.InMemoryEmulator.Tests.Performance\CosmosDB.InMemoryEmulator.Tests.Performance.csproj", "{149D4A6D-6990-B747-88B8-BE259D6A6C04}"
EndProject
Global
	GlobalSection(SolutionConfigurationPlatforms) = preSolution
		Debug|Any CPU = Debug|Any CPU
		Release|Any CPU = Release|Any CPU
	EndGlobalSection
	GlobalSection(ProjectConfigurationPlatforms) = postSolution
		{39098EDB-EE4C-0390-DF8A-C3AC58206286}.Debug|Any CPU.ActiveCfg = Debug|Any CPU
		{39098EDB-EE4C-0390-DF8A-C3AC58206286}.Debug|Any CPU.Build.0 = Debug|Any CPU
		{39098EDB-EE4C-0390-DF8A-C3AC58206286}.Release|Any CPU.ActiveCfg = Release|Any CPU
		{39098EDB-EE4C-0390-DF8A-C3AC58206286}.Release|Any CPU.Build.0 = Release|Any CPU
		{63F85A41-5264-6904-80EA-F3447B5E43D8}.Debug|Any CPU.ActiveCfg = Debug|Any CPU
		{63F85A41-5264-6904-80EA-F3447B5E43D8}.Debug|Any CPU.Build.0 = Debug|Any CPU
		{63F85A41-5264-6904-80EA-F3447B5E43D8}.Release|Any CPU.ActiveCfg = Release|Any CPU
		{63F85A41-5264-6904-80EA-F3447B5E43D8}.Release|Any CPU.Build.0 = Release|Any CPU
		{149D4A6D-6990-B747-88B8-BE259D6A6C04}.Debug|Any CPU.ActiveCfg = Debug|Any CPU
		{149D4A6D-6990-B747-88B8-BE259D6A6C04}.Debug|Any CPU.Build.0 = Debug|Any CPU
		{149D4A6D-6990-B747-88B8-BE259D6A6C04}.Release|Any CPU.ActiveCfg = Release|Any CPU
		{149D4A6D-6990-B747-88B8-BE259D6A6C04}.Release|Any CPU.Build.0 = Release|Any CPU
		{A1B2C3D4-E5F6-7890-ABCD-EF1234567890}.Debug|Any CPU.ActiveCfg = Debug|Any CPU
		{A1B2C3D4-E5F6-7890-ABCD-EF1234567890}.Debug|Any CPU.Build.0 = Debug|Any CPU
		{A1B2C3D4-E5F6-7890-ABCD-EF1234567890}.Release|Any CPU.ActiveCfg = Release|Any CPU
		{A1B2C3D4-E5F6-7890-ABCD-EF1234567890}.Release|Any CPU.Build.0 = Release|Any CPU
	EndGlobalSection
	GlobalSection(SolutionProperties) = preSolution
		HideSolutionNode = FALSE
	EndGlobalSection
	GlobalSection(NestedProjects) = preSolution
		{39098EDB-EE4C-0390-DF8A-C3AC58206286} = {827E0CD3-B72D-47B6-A68D-7590B98EB39B}
		{A1B2C3D4-E5F6-7890-ABCD-EF1234567890} = {827E0CD3-B72D-47B6-A68D-7590B98EB39B}
		{63F85A41-5264-6904-80EA-F3447B5E43D8} = {0AB3BF05-4346-4AA6-1389-037BE0695223}
		{149D4A6D-6990-B747-88B8-BE259D6A6C04} = {0AB3BF05-4346-4AA6-1389-037BE0695223}
	EndGlobalSection
	GlobalSection(ExtensibilityGlobals) = postSolution
		SolutionGuid = {1893CBCE-FED0-46C0-B56C-D3A26645BCB7}
	EndGlobalSection
EndGlobal
